
Microsoft Visual Studio Solution File, Format Version 12.00
# Visual Studio 2013
VisualStudioVersion = 12.0.31101.0
MinimumVisualStudioVersion = 10.0.40219.1
Project("{FAE04EC0-301F-11D3-BF4B-00C04F79EFBC}") = "CrudeWorld", "CrudeWorld\CrudeWorld.csproj", "{A142221F-B000-4A2B-A657-4598AA0BD7D5}"
EndProject
Project("{FAE04EC0-301F-11D3-BF4B-00C04F79EFBC}") = "CrudeWorldTests", "CrudeWorldTests\CrudeWorldTests.csproj", "{28AD5387-1F3F-49DE-8418-D516311B62A0}"
EndProject
Global
	GlobalSection(SolutionConfigurationPlatforms) = preSolution
		Debug|Any CPU = Debug|Any CPU
		Release|Any CPU = Release|Any CPU
	EndGlobalSection
	GlobalSection(ProjectConfigurationPlatforms) = postSolution
		{A142221F-B000-4A2B-A657-4598AA0BD7D5}.Debug|Any CPU.ActiveCfg = Debug|Any CPU
		{A142221F-B000-4A2B-A657-4598AA0BD7D5}.Debug|Any CPU.Build.0 = Debug|Any CPU
		{A142221F-B000-4A2B-A657-4598AA0BD7D5}.Release|Any CPU.ActiveCfg = Release|Any CPU
		{A142221F-B000-4A2B-A657-4598AA0BD7D5}.Release|Any CPU.Build.0 = Release|Any CPU
		{28AD5387-1F3F-49DE-8418-D516311B62A0}.Debug|Any CPU.ActiveCfg = Debug|Any CPU
		{28AD5387-1F3F-49DE-8418-D516311B62A0}.Debug|Any CPU.Build.0 = Debug|Any CPU
		{28AD5387-1F3F-49DE-8418-D516311B62A0}.Release|Any CPU.ActiveCfg = Release|Any CPU
		{28AD5387-1F3F-49DE-8418-D516311B62A0}.Release|Any CPU.Build.0 = Release|Any CPU
	EndGlobalSection
	GlobalSection(SolutionProperties) = preSolution
		HideSolutionNode = FALSE
	EndGlobalSection
EndGlobal
